
Microsoft Visual Studio Solution File, Format Version 12.00
# Visual Studio Version 17
VisualStudioVersion = 17.12.35707.178 d17.12
MinimumVisualStudioVersion = 10.0.40219.1
Project("{FAE04EC0-301F-11D3-BF4B-00C04F79EFBC}") = "ClassePessoa", "ClassePessoa\ClassePessoa.csproj", "{89D4F7BF-3227-4BAB-A601-CC75AF84F5C8}"
EndProject
Global
	GlobalSection(SolutionConfigurationPlatforms) = preSolution
		Debug|Any CPU = Debug|Any CPU
		Release|Any CPU = Release|Any CPU
	EndGlobalSection
	GlobalSection(ProjectConfigurationPlatforms) = postSolution
		{89D4F7BF-3227-4BAB-A601-CC75AF84F5C8}.Debug|Any CPU.ActiveCfg = Debug|Any CPU
		{89D4F7BF-3227-4BAB-A601-CC75AF84F5C8}.Debug|Any CPU.Build.0 = Debug|Any CPU
		{89D4F7BF-3227-4BAB-A601-CC75AF84F5C8}.Release|Any CPU.ActiveCfg = Release|Any CPU
		{89D4F7BF-3227-4BAB-A601-CC75AF84F5C8}.Release|Any CPU.Build.0 = Release|Any CPU
	EndGlobalSection
	GlobalSection(SolutionProperties) = preSolution
		HideSolutionNode = FALSE
	EndGlobalSection
EndGlobal
